// !$*UTF8*$!
{
	archiveVersion = 1;
	classes = {
	};
	objectVersion = 50;
	objects = {

/* Begin PBXBuildFile section */
		CD3F42DE24B1297E00A21017 /* CityTests.swift in Sources */ = {isa = PBXBuildFile; fileRef = CD3F42DD24B1297E00A21017 /* CityTests.swift */; };
		CD3F42E024B12BF600A21017 /* testCityList.json in Resources */ = {isa = PBXBuildFile; fileRef = CD3F42DF24B12BF600A21017 /* testCityList.json */; };
		CD3F450D24B12F8F00A21017 /* weather.json in Resources */ = {isa = PBXBuildFile; fileRef = CD3F450C24B12F8F00A21017 /* weather.json */; };
		CD3F451024B12FDF00A21017 /* WeatherTests.swift in Sources */ = {isa = PBXBuildFile; fileRef = CD3F450F24B12FDF00A21017 /* WeatherTests.swift */; };
		CD3F451524B1385300A21017 /* Storyboardable.swift in Sources */ = {isa = PBXBuildFile; fileRef = CD3F451424B1385300A21017 /* Storyboardable.swift */; };
		CD60B7EF24AF6C2700668A15 /* WeatherViewController.swift in Sources */ = {isa = PBXBuildFile; fileRef = CD60B7EE24AF6C2700668A15 /* WeatherViewController.swift */; };
		CD60B7F124AF6C3500668A15 /* WeatherViewController.storyboard in Resources */ = {isa = PBXBuildFile; fileRef = CD60B7F024AF6C3500668A15 /* WeatherViewController.storyboard */; };
		CDCB7C8424B0A967003D17D1 /* ViewSpecificController.swift in Sources */ = {isa = PBXBuildFile; fileRef = CDCB7C8324B0A967003D17D1 /* ViewSpecificController.swift */; };
		CDCB7C8624B0A9AB003D17D1 /* WeatherView.swift in Sources */ = {isa = PBXBuildFile; fileRef = CDCB7C8524B0A9AB003D17D1 /* WeatherView.swift */; };
		CDCB7C8924B0ACA1003D17D1 /* NetworkService.swift in Sources */ = {isa = PBXBuildFile; fileRef = CDCB7C8824B0ACA1003D17D1 /* NetworkService.swift */; };
		CDCB7C8C24B0B23D003D17D1 /* Weather.swift in Sources */ = {isa = PBXBuildFile; fileRef = CDCB7C8B24B0B23D003D17D1 /* Weather.swift */; };
		CDCB7C8E24B0D1F7003D17D1 /* WeatherPresenter.swift in Sources */ = {isa = PBXBuildFile; fileRef = CDCB7C8D24B0D1F7003D17D1 /* WeatherPresenter.swift */; };
		CDCB7C9124B0DA49003D17D1 /* city.list.json in Resources */ = {isa = PBXBuildFile; fileRef = CDCB7C9024B0DA49003D17D1 /* city.list.json */; };
		CDCB7C9324B0DB19003D17D1 /* City.swift in Sources */ = {isa = PBXBuildFile; fileRef = CDCB7C9224B0DB19003D17D1 /* City.swift */; };
		CDCB7C9724B0DD42003D17D1 /* CityTableViewController.swift in Sources */ = {isa = PBXBuildFile; fileRef = CDCB7C9624B0DD42003D17D1 /* CityTableViewController.swift */; };
		CDCB7C9924B0DD66003D17D1 /* CityService.swift in Sources */ = {isa = PBXBuildFile; fileRef = CDCB7C9824B0DD66003D17D1 /* CityService.swift */; };
		CDCB7C9D24B0F0E8003D17D1 /* City.storyboard in Resources */ = {isa = PBXBuildFile; fileRef = CDCB7C9C24B0F0E8003D17D1 /* City.storyboard */; };
		CDE9241024AF671E0085214C /* AppDelegate.swift in Sources */ = {isa = PBXBuildFile; fileRef = CDE9240F24AF671E0085214C /* AppDelegate.swift */; };
		CDE9241924AF67230085214C /* Assets.xcassets in Resources */ = {isa = PBXBuildFile; fileRef = CDE9241824AF67230085214C /* Assets.xcassets */; };
		CDE9241C24AF67230085214C /* LaunchScreen.storyboard in Resources */ = {isa = PBXBuildFile; fileRef = CDE9241A24AF67230085214C /* LaunchScreen.storyboard */; };
/* End PBXBuildFile section */

/* Begin PBXContainerItemProxy section */
		CDCB7CC724B127EB003D17D1 /* PBXContainerItemProxy */ = {
			isa = PBXContainerItemProxy;
			containerPortal = CDE9240424AF671E0085214C /* Project object */;
			proxyType = 1;
			remoteGlobalIDString = CDE9240B24AF671E0085214C;
			remoteInfo = WeatherTestApp;
		};
/* End PBXContainerItemProxy section */

/* Begin PBXFileReference section */
		CD3F42DD24B1297E00A21017 /* CityTests.swift */ = {isa = PBXFileReference; lastKnownFileType = sourcecode.swift; path = CityTests.swift; sourceTree = "<group>"; };
		CD3F42DF24B12BF600A21017 /* testCityList.json */ = {isa = PBXFileReference; fileEncoding = 4; lastKnownFileType = text.json; path = testCityList.json; sourceTree = "<group>"; };
		CD3F450C24B12F8F00A21017 /* weather.json */ = {isa = PBXFileReference; fileEncoding = 4; lastKnownFileType = text.json; path = weather.json; sourceTree = "<group>"; };
		CD3F450F24B12FDF00A21017 /* WeatherTests.swift */ = {isa = PBXFileReference; lastKnownFileType = sourcecode.swift; path = WeatherTests.swift; sourceTree = "<group>"; };
		CD3F451424B1385300A21017 /* Storyboardable.swift */ = {isa = PBXFileReference; lastKnownFileType = sourcecode.swift; path = Storyboardable.swift; sourceTree = "<group>"; };
		CD60B7EE24AF6C2700668A15 /* WeatherViewController.swift */ = {isa = PBXFileReference; lastKnownFileType = sourcecode.swift; path = WeatherViewController.swift; sourceTree = "<group>"; };
		CD60B7F024AF6C3500668A15 /* WeatherViewController.storyboard */ = {isa = PBXFileReference; lastKnownFileType = file.storyboard; path = WeatherViewController.storyboard; sourceTree = "<group>"; };
		CDCB7C8324B0A967003D17D1 /* ViewSpecificController.swift */ = {isa = PBXFileReference; lastKnownFileType = sourcecode.swift; path = ViewSpecificController.swift; sourceTree = "<group>"; };
		CDCB7C8524B0A9AB003D17D1 /* WeatherView.swift */ = {isa = PBXFileReference; lastKnownFileType = sourcecode.swift; path = WeatherView.swift; sourceTree = "<group>"; };
		CDCB7C8824B0ACA1003D17D1 /* NetworkService.swift */ = {isa = PBXFileReference; lastKnownFileType = sourcecode.swift; path = NetworkService.swift; sourceTree = "<group>"; };
		CDCB7C8B24B0B23D003D17D1 /* Weather.swift */ = {isa = PBXFileReference; lastKnownFileType = sourcecode.swift; path = Weather.swift; sourceTree = "<group>"; };
		CDCB7C8D24B0D1F7003D17D1 /* WeatherPresenter.swift */ = {isa = PBXFileReference; lastKnownFileType = sourcecode.swift; path = WeatherPresenter.swift; sourceTree = "<group>"; };
		CDCB7C9024B0DA49003D17D1 /* city.list.json */ = {isa = PBXFileReference; fileEncoding = 4; lastKnownFileType = text.json; path = city.list.json; sourceTree = "<group>"; };
		CDCB7C9224B0DB19003D17D1 /* City.swift */ = {isa = PBXFileReference; lastKnownFileType = sourcecode.swift; path = City.swift; sourceTree = "<group>"; };
		CDCB7C9624B0DD42003D17D1 /* CityTableViewController.swift */ = {isa = PBXFileReference; lastKnownFileType = sourcecode.swift; path = CityTableViewController.swift; sourceTree = "<group>"; };
		CDCB7C9824B0DD66003D17D1 /* CityService.swift */ = {isa = PBXFileReference; lastKnownFileType = sourcecode.swift; path = CityService.swift; sourceTree = "<group>"; };
		CDCB7C9C24B0F0E8003D17D1 /* City.storyboard */ = {isa = PBXFileReference; fileEncoding = 4; lastKnownFileType = file.storyboard; name = City.storyboard; path = WeatherTestApp/Module/Cities/City.storyboard; sourceTree = SOURCE_ROOT; };
		CDCB7CC224B127EB003D17D1 /* WeatherTestAppTests.xctest */ = {isa = PBXFileReference; explicitFileType = wrapper.cfbundle; includeInIndex = 0; path = WeatherTestAppTests.xctest; sourceTree = BUILT_PRODUCTS_DIR; };
		CDCB7CC624B127EB003D17D1 /* Info.plist */ = {isa = PBXFileReference; lastKnownFileType = text.plist.xml; path = Info.plist; sourceTree = "<group>"; };
		CDE9240C24AF671E0085214C /* WeatherTestApp.app */ = {isa = PBXFileReference; explicitFileType = wrapper.application; includeInIndex = 0; path = WeatherTestApp.app; sourceTree = BUILT_PRODUCTS_DIR; };
		CDE9240F24AF671E0085214C /* AppDelegate.swift */ = {isa = PBXFileReference; lastKnownFileType = sourcecode.swift; path = AppDelegate.swift; sourceTree = "<group>"; };
		CDE9241824AF67230085214C /* Assets.xcassets */ = {isa = PBXFileReference; lastKnownFileType = folder.assetcatalog; path = Assets.xcassets; sourceTree = "<group>"; };
		CDE9241B24AF67230085214C /* Base */ = {isa = PBXFileReference; lastKnownFileType = file.storyboard; name = Base; path = Base.lproj/LaunchScreen.storyboard; sourceTree = "<group>"; };
		CDE9241D24AF67230085214C /* Info.plist */ = {isa = PBXFileReference; lastKnownFileType = text.plist.xml; path = Info.plist; sourceTree = "<group>"; };
/* End PBXFileReference section */

/* Begin PBXFrameworksBuildPhase section */
		CDCB7CBF24B127EB003D17D1 /* Frameworks */ = {
			isa = PBXFrameworksBuildPhase;
			buildActionMask = 2147483647;
			files = (
			);
			runOnlyForDeploymentPostprocessing = 0;
		};
		CDE9240924AF671E0085214C /* Frameworks */ = {
			isa = PBXFrameworksBuildPhase;
			buildActionMask = 2147483647;
			files = (
			);
			runOnlyForDeploymentPostprocessing = 0;
		};
/* End PBXFrameworksBuildPhase section */

/* Begin PBXGroup section */
		CD3F450E24B12F9300A21017 /* Test JSON */ = {
			isa = PBXGroup;
			children = (
				CD3F42DF24B12BF600A21017 /* testCityList.json */,
				CD3F450C24B12F8F00A21017 /* weather.json */,
			);
			path = "Test JSON";
			sourceTree = "<group>";
		};
		CD3F451124B130D600A21017 /* Decode */ = {
			isa = PBXGroup;
			children = (
				CD3F42DD24B1297E00A21017 /* CityTests.swift */,
				CD3F450F24B12FDF00A21017 /* WeatherTests.swift */,
			);
			path = Decode;
			sourceTree = "<group>";
		};
		CDCB7C8224B0A94F003D17D1 /* Utils */ = {
			isa = PBXGroup;
			children = (
				CDCB7C8324B0A967003D17D1 /* ViewSpecificController.swift */,
				CD3F451424B1385300A21017 /* Storyboardable.swift */,
			);
			path = Utils;
			sourceTree = "<group>";
		};
		CDCB7C8724B0AC62003D17D1 /* Servicies */ = {
			isa = PBXGroup;
			children = (
				CDCB7C8824B0ACA1003D17D1 /* NetworkService.swift */,
				CDCB7C9824B0DD66003D17D1 /* CityService.swift */,
			);
			path = Servicies;
			sourceTree = "<group>";
		};
		CDCB7C8A24B0B229003D17D1 /* Models */ = {
			isa = PBXGroup;
			children = (
				CDCB7C8B24B0B23D003D17D1 /* Weather.swift */,
				CDCB7C9224B0DB19003D17D1 /* City.swift */,
			);
			path = Models;
			sourceTree = "<group>";
		};
		CDCB7C8F24B0D755003D17D1 /* Module */ = {
			isa = PBXGroup;
			children = (
				CDCB7C9524B0DD18003D17D1 /* Cities */,
				CDCB7C9424B0DD00003D17D1 /* Weather */,
			);
			path = Module;
			sourceTree = "<group>";
		};
		CDCB7C9424B0DD00003D17D1 /* Weather */ = {
			isa = PBXGroup;
			children = (
				CDCB7C8524B0A9AB003D17D1 /* WeatherView.swift */,
				CD60B7EE24AF6C2700668A15 /* WeatherViewController.swift */,
				CDCB7C8D24B0D1F7003D17D1 /* WeatherPresenter.swift */,
				CD60B7F024AF6C3500668A15 /* WeatherViewController.storyboard */,
			);
			path = Weather;
			sourceTree = "<group>";
		};
		CDCB7C9524B0DD18003D17D1 /* Cities */ = {
			isa = PBXGroup;
			children = (
				CDCB7C9624B0DD42003D17D1 /* CityTableViewController.swift */,
				CDCB7C9C24B0F0E8003D17D1 /* City.storyboard */,
			);
			path = Cities;
			sourceTree = "<group>";
		};
		CDCB7CC324B127EB003D17D1 /* WeatherTestAppTests */ = {
			isa = PBXGroup;
			children = (
				CD3F450E24B12F9300A21017 /* Test JSON */,
				CD3F451124B130D600A21017 /* Decode */,
				CDCB7CC624B127EB003D17D1 /* Info.plist */,
			);
			path = WeatherTestAppTests;
			sourceTree = "<group>";
		};
		CDE9240324AF671E0085214C = {
			isa = PBXGroup;
			children = (
				CDE9240E24AF671E0085214C /* WeatherTestApp */,
				CDCB7CC324B127EB003D17D1 /* WeatherTestAppTests */,
				CDE9240D24AF671E0085214C /* Products */,
			);
			sourceTree = "<group>";
		};
		CDE9240D24AF671E0085214C /* Products */ = {
			isa = PBXGroup;
			children = (
				CDE9240C24AF671E0085214C /* WeatherTestApp.app */,
				CDCB7CC224B127EB003D17D1 /* WeatherTestAppTests.xctest */,
			);
			name = Products;
			sourceTree = "<group>";
		};
		CDE9240E24AF671E0085214C /* WeatherTestApp */ = {
			isa = PBXGroup;
			children = (
				CDE9240F24AF671E0085214C /* AppDelegate.swift */,
				CDCB7C8224B0A94F003D17D1 /* Utils */,
				CDCB7C8F24B0D755003D17D1 /* Module */,
				CDCB7C8A24B0B229003D17D1 /* Models */,
				CDCB7C8724B0AC62003D17D1 /* Servicies */,
				CDE9242324AF68150085214C /* Supported files */,
			);
			path = WeatherTestApp;
			sourceTree = "<group>";
		};
		CDE9242324AF68150085214C /* Supported files */ = {
			isa = PBXGroup;
			children = (
				CDE9241824AF67230085214C /* Assets.xcassets */,
				CDE9241A24AF67230085214C /* LaunchScreen.storyboard */,
				CDE9241D24AF67230085214C /* Info.plist */,
				CDCB7C9024B0DA49003D17D1 /* city.list.json */,
			);
			path = "Supported files";
			sourceTree = "<group>";
		};
/* End PBXGroup section */

/* Begin PBXNativeTarget section */
		CDCB7CC124B127EB003D17D1 /* WeatherTestAppTests */ = {
			isa = PBXNativeTarget;
			buildConfigurationList = CDCB7CC924B127EB003D17D1 /* Build configuration list for PBXNativeTarget "WeatherTestAppTests" */;
			buildPhases = (
				CDCB7CBE24B127EB003D17D1 /* Sources */,
				CDCB7CBF24B127EB003D17D1 /* Frameworks */,
				CDCB7CC024B127EB003D17D1 /* Resources */,
			);
			buildRules = (
			);
			dependencies = (
				CDCB7CC824B127EB003D17D1 /* PBXTargetDependency */,
			);
			name = WeatherTestAppTests;
			productName = WeatherTestAppTests;
			productReference = CDCB7CC224B127EB003D17D1 /* WeatherTestAppTests.xctest */;
			productType = "com.apple.product-type.bundle.unit-test";
		};
		CDE9240B24AF671E0085214C /* WeatherTestApp */ = {
			isa = PBXNativeTarget;
			buildConfigurationList = CDE9242024AF67230085214C /* Build configuration list for PBXNativeTarget "WeatherTestApp" */;
			buildPhases = (
				CDE9240824AF671E0085214C /* Sources */,
				CDE9240924AF671E0085214C /* Frameworks */,
				CDE9240A24AF671E0085214C /* Resources */,
			);
			buildRules = (
			);
			dependencies = (
			);
			name = WeatherTestApp;
			productName = WeatherTestApp;
			productReference = CDE9240C24AF671E0085214C /* WeatherTestApp.app */;
			productType = "com.apple.product-type.application";
		};
/* End PBXNativeTarget section */

/* Begin PBXProject section */
		CDE9240424AF671E0085214C /* Project object */ = {
			isa = PBXProject;
			attributes = {
				LastSwiftUpdateCheck = 1150;
				LastUpgradeCheck = 1150;
				ORGANIZATIONNAME = "Alexander Spirichev";
				TargetAttributes = {
					CDCB7CC124B127EB003D17D1 = {
						CreatedOnToolsVersion = 11.5;
						TestTargetID = CDE9240B24AF671E0085214C;
					};
					CDE9240B24AF671E0085214C = {
						CreatedOnToolsVersion = 11.5;
					};
				};
			};
			buildConfigurationList = CDE9240724AF671E0085214C /* Build configuration list for PBXProject "WeatherTestApp" */;
			compatibilityVersion = "Xcode 9.3";
			developmentRegion = en;
			hasScannedForEncodings = 0;
			knownRegions = (
				en,
				Base,
			);
			mainGroup = CDE9240324AF671E0085214C;
			productRefGroup = CDE9240D24AF671E0085214C /* Products */;
			projectDirPath = "";
			projectRoot = "";
			targets = (
				CDE9240B24AF671E0085214C /* WeatherTestApp */,
				CDCB7CC124B127EB003D17D1 /* WeatherTestAppTests */,
			);
		};
/* End PBXProject section */

/* Begin PBXResourcesBuildPhase section */
		CDCB7CC024B127EB003D17D1 /* Resources */ = {
			isa = PBXResourcesBuildPhase;
			buildActionMask = 2147483647;
			files = (
				CD3F450D24B12F8F00A21017 /* weather.json in Resources */,
				CD3F42E024B12BF600A21017 /* testCityList.json in Resources */,
			);
			runOnlyForDeploymentPostprocessing = 0;
		};
		CDE9240A24AF671E0085214C /* Resources */ = {
			isa = PBXResourcesBuildPhase;
			buildActionMask = 2147483647;
			files = (
				CDE9241C24AF67230085214C /* LaunchScreen.storyboard in Resources */,
				CDCB7C9124B0DA49003D17D1 /* city.list.json in Resources */,
				CD60B7F124AF6C3500668A15 /* WeatherViewController.storyboard in Resources */,
				CDCB7C9D24B0F0E8003D17D1 /* City.storyboard in Resources */,
				CDE9241924AF67230085214C /* Assets.xcassets in Resources */,
			);
			runOnlyForDeploymentPostprocessing = 0;
		};
/* End PBXResourcesBuildPhase section */

/* Begin PBXSourcesBuildPhase section */
		CDCB7CBE24B127EB003D17D1 /* Sources */ = {
			isa = PBXSourcesBuildPhase;
			buildActionMask = 2147483647;
			files = (
				CD3F451024B12FDF00A21017 /* WeatherTests.swift in Sources */,
				CD3F42DE24B1297E00A21017 /* CityTests.swift in Sources */,
			);
			runOnlyForDeploymentPostprocessing = 0;
		};
		CDE9240824AF671E0085214C /* Sources */ = {
			isa = PBXSourcesBuildPhase;
			buildActionMask = 2147483647;
			files = (
				CD3F451524B1385300A21017 /* Storyboardable.swift in Sources */,
				CDCB7C9924B0DD66003D17D1 /* CityService.swift in Sources */,
				CDCB7C8924B0ACA1003D17D1 /* NetworkService.swift in Sources */,
				CDCB7C8424B0A967003D17D1 /* ViewSpecificController.swift in Sources */,
				CDCB7C8E24B0D1F7003D17D1 /* WeatherPresenter.swift in Sources */,
				CDCB7C9724B0DD42003D17D1 /* CityTableViewController.swift in Sources */,
				CDE9241024AF671E0085214C /* AppDelegate.swift in Sources */,
				CD60B7EF24AF6C2700668A15 /* WeatherViewController.swift in Sources */,
				CDCB7C8C24B0B23D003D17D1 /* Weather.swift in Sources */,
				CDCB7C9324B0DB19003D17D1 /* City.swift in Sources */,
				CDCB7C8624B0A9AB003D17D1 /* WeatherView.swift in Sources */,
			);
			runOnlyForDeploymentPostprocessing = 0;
		};
/* End PBXSourcesBuildPhase section */

/* Begin PBXTargetDependency section */
		CDCB7CC824B127EB003D17D1 /* PBXTargetDependency */ = {
			isa = PBXTargetDependency;
			target = CDE9240B24AF671E0085214C /* WeatherTestApp */;
			targetProxy = CDCB7CC724B127EB003D17D1 /* PBXContainerItemProxy */;
		};
/* End PBXTargetDependency section */

/* Begin PBXVariantGroup section */
		CDE9241A24AF67230085214C /* LaunchScreen.storyboard */ = {
			isa = PBXVariantGroup;
			children = (
				CDE9241B24AF67230085214C /* Base */,
			);
			name = LaunchScreen.storyboard;
			sourceTree = "<group>";
		};
/* End PBXVariantGroup section */

/* Begin XCBuildConfiguration section */
		CDCB7CCA24B127EB003D17D1 /* Debug */ = {
			isa = XCBuildConfiguration;
			buildSettings = {
				BUNDLE_LOADER = "$(TEST_HOST)";
				CODE_SIGN_STYLE = Automatic;
				DEVELOPMENT_TEAM = 5N9G45L7Z6;
				INFOPLIST_FILE = WeatherTestAppTests/Info.plist;
				LD_RUNPATH_SEARCH_PATHS = (
					"$(inherited)",
					"@executable_path/Frameworks",
					"@loader_path/Frameworks",
				);
				PRODUCT_BUNDLE_IDENTIFIER = ru.alspirichev.WeatherTestAppTests;
				PRODUCT_NAME = "$(TARGET_NAME)";
				SWIFT_VERSION = 5.0;
				TARGETED_DEVICE_FAMILY = "1,2";
				TEST_HOST = "$(BUILT_PRODUCTS_DIR)/WeatherTestApp.app/WeatherTestApp";
			};
			name = Debug;
		};
		CDCB7CCB24B127EB003D17D1 /* Release */ = {
			isa = XCBuildConfiguration;
			buildSettings = {
				BUNDLE_LOADER = "$(TEST_HOST)";
				CODE_SIGN_STYLE = Automatic;
				DEVELOPMENT_TEAM = 5N9G45L7Z6;
				INFOPLIST_FILE = WeatherTestAppTests/Info.plist;
				LD_RUNPATH_SEARCH_PATHS = (
					"$(inherited)",
					"@executable_path/Frameworks",
					"@loader_path/Frameworks",
				);
				PRODUCT_BUNDLE_IDENTIFIER = ru.alspirichev.WeatherTestAppTests;
				PRODUCT_NAME = "$(TARGET_NAME)";
				SWIFT_VERSION = 5.0;
				TARGETED_DEVICE_FAMILY = "1,2";
				TEST_HOST = "$(BUILT_PRODUCTS_DIR)/WeatherTestApp.app/WeatherTestApp";
			};
			name = Release;
		};
		CDE9241E24AF67230085214C /* Debug */ = {
			isa = XCBuildConfiguration;
			buildSettings = {
				ALWAYS_SEARCH_USER_PATHS = NO;
				CLANG_ANALYZER_NONNULL = YES;
				CLANG_ANALYZER_NUMBER_OBJECT_CONVERSION = YES_AGGRESSIVE;
				CLANG_CXX_LANGUAGE_STANDARD = "gnu++14";
				CLANG_CXX_LIBRARY = "libc++";
				CLANG_ENABLE_MODULES = YES;
				CLANG_ENABLE_OBJC_ARC = YES;
				CLANG_ENABLE_OBJC_WEAK = YES;
				CLANG_WARN_BLOCK_CAPTURE_AUTORELEASING = YES;
				CLANG_WARN_BOOL_CONVERSION = YES;
				CLANG_WARN_COMMA = YES;
				CLANG_WARN_CONSTANT_CONVERSION = YES;
				CLANG_WARN_DEPRECATED_OBJC_IMPLEMENTATIONS = YES;
				CLANG_WARN_DIRECT_OBJC_ISA_USAGE = YES_ERROR;
				CLANG_WARN_DOCUMENTATION_COMMENTS = YES;
				CLANG_WARN_EMPTY_BODY = YES;
				CLANG_WARN_ENUM_CONVERSION = YES;
				CLANG_WARN_INFINITE_RECURSION = YES;
				CLANG_WARN_INT_CONVERSION = YES;
				CLANG_WARN_NON_LITERAL_NULL_CONVERSION = YES;
				CLANG_WARN_OBJC_IMPLICIT_RETAIN_SELF = YES;
				CLANG_WARN_OBJC_LITERAL_CONVERSION = YES;
				CLANG_WARN_OBJC_ROOT_CLASS = YES_ERROR;
				CLANG_WARN_RANGE_LOOP_ANALYSIS = YES;
				CLANG_WARN_STRICT_PROTOTYPES = YES;
				CLANG_WARN_SUSPICIOUS_MOVE = YES;
				CLANG_WARN_UNGUARDED_AVAILABILITY = YES_AGGRESSIVE;
				CLANG_WARN_UNREACHABLE_CODE = YES;
				CLANG_WARN__DUPLICATE_METHOD_MATCH = YES;
				COPY_PHASE_STRIP = NO;
				DEBUG_INFORMATION_FORMAT = dwarf;
				ENABLE_STRICT_OBJC_MSGSEND = YES;
				ENABLE_TESTABILITY = YES;
				GCC_C_LANGUAGE_STANDARD = gnu11;
				GCC_DYNAMIC_NO_PIC = NO;
				GCC_NO_COMMON_BLOCKS = YES;
				GCC_OPTIMIZATION_LEVEL = 0;
				GCC_PREPROCESSOR_DEFINITIONS = (
					"DEBUG=1",
					"$(inherited)",
				);
				GCC_WARN_64_TO_32_BIT_CONVERSION = YES;
				GCC_WARN_ABOUT_RETURN_TYPE = YES_ERROR;
				GCC_WARN_UNDECLARED_SELECTOR = YES;
				GCC_WARN_UNINITIALIZED_AUTOS = YES_AGGRESSIVE;
				GCC_WARN_UNUSED_FUNCTION = YES;
				GCC_WARN_UNUSED_VARIABLE = YES;
				IPHONEOS_DEPLOYMENT_TARGET = 11.0;
				MTL_ENABLE_DEBUG_INFO = INCLUDE_SOURCE;
				MTL_FAST_MATH = YES;
				ONLY_ACTIVE_ARCH = YES;
				SDKROOT = iphoneos;
				SWIFT_ACTIVE_COMPILATION_CONDITIONS = DEBUG;
				SWIFT_OPTIMIZATION_LEVEL = "-Onone";
			};
			name = Debug;
		};
		CDE9241F24AF67230085214C /* Release */ = {
			isa = XCBuildConfiguration;
			buildSettings = {
				ALWAYS_SEARCH_USER_PATHS = NO;
				CLANG_ANALYZER_NONNULL = YES;
				CLANG_ANALYZER_NUMBER_OBJECT_CONVERSION = YES_AGGRESSIVE;
				CLANG_CXX_LANGUAGE_STANDARD = "gnu++14";
				CLANG_CXX_LIBRARY = "libc++";
				CLANG_ENABLE_MODULES = YES;
				CLANG_ENABLE_OBJC_ARC = YES;
				CLANG_ENABLE_OBJC_WEAK = YES;
				CLANG_WARN_BLOCK_CAPTURE_AUTORELEASING = YES;
				CLANG_WARN_BOOL_CONVERSION = YES;
				CLANG_WARN_COMMA = YES;
				CLANG_WARN_CONSTANT_CONVERSION = YES;
				CLANG_WARN_DEPRECATED_OBJC_IMPLEMENTATIONS = YES;
				CLANG_WARN_DIRECT_OBJC_ISA_USAGE = YES_ERROR;
				CLANG_WARN_DOCUMENTATION_COMMENTS = YES;
				CLANG_WARN_EMPTY_BODY = YES;
				CLANG_WARN_ENUM_CONVERSION = YES;
				CLANG_WARN_INFINITE_RECURSION = YES;
				CLANG_WARN_INT_CONVERSION = YES;
				CLANG_WARN_NON_LITERAL_NULL_CONVERSION = YES;
				CLANG_WARN_OBJC_IMPLICIT_RETAIN_SELF = YES;
				CLANG_WARN_OBJC_LITERAL_CONVERSION = YES;
				CLANG_WARN_OBJC_ROOT_CLASS = YES_ERROR;
				CLANG_WARN_RANGE_LOOP_ANALYSIS = YES;
				CLANG_WARN_STRICT_PROTOTYPES = YES;
				CLANG_WARN_SUSPICIOUS_MOVE = YES;
				CLANG_WARN_UNGUARDED_AVAILABILITY = YES_AGGRESSIVE;
				CLANG_WARN_UNREACHABLE_CODE = YES;
				CLANG_WARN__DUPLICATE_METHOD_MATCH = YES;
				COPY_PHASE_STRIP = NO;
				DEBUG_INFORMATION_FORMAT = "dwarf-with-dsym";
				ENABLE_NS_ASSERTIONS = NO;
				ENABLE_STRICT_OBJC_MSGSEND = YES;
				GCC_C_LANGUAGE_STANDARD = gnu11;
				GCC_NO_COMMON_BLOCKS = YES;
				GCC_WARN_64_TO_32_BIT_CONVERSION = YES;
				GCC_WARN_ABOUT_RETURN_TYPE = YES_ERROR;
				GCC_WARN_UNDECLARED_SELECTOR = YES;
				GCC_WARN_UNINITIALIZED_AUTOS = YES_AGGRESSIVE;
				GCC_WARN_UNUSED_FUNCTION = YES;
				GCC_WARN_UNUSED_VARIABLE = YES;
				IPHONEOS_DEPLOYMENT_TARGET = 11.0;
				MTL_ENABLE_DEBUG_INFO = NO;
				MTL_FAST_MATH = YES;
				SDKROOT = iphoneos;
				SWIFT_COMPILATION_MODE = wholemodule;
				SWIFT_OPTIMIZATION_LEVEL = "-O";
				VALIDATE_PRODUCT = YES;
			};
			name = Release;
		};
		CDE9242124AF67230085214C /* Debug */ = {
			isa = XCBuildConfiguration;
			buildSettings = {
				ASSETCATALOG_COMPILER_APPICON_NAME = AppIcon;
				CODE_SIGN_STYLE = Automatic;
				DEVELOPMENT_TEAM = 5N9G45L7Z6;
				INFOPLIST_FILE = "$(SRCROOT)/WeatherTestApp/Supported files/Info.plist";
				IPHONEOS_DEPLOYMENT_TARGET = 11.0;
				LD_RUNPATH_SEARCH_PATHS = (
					"$(inherited)",
					"@executable_path/Frameworks",
				);
				PRODUCT_BUNDLE_IDENTIFIER = ru.alspirichev.WeatherTestApp;
				PRODUCT_NAME = "$(TARGET_NAME)";
				SWIFT_VERSION = 5.0;
				TARGETED_DEVICE_FAMILY = 1;
			};
			name = Debug;
		};
		CDE9242224AF67230085214C /* Release */ = {
			isa = XCBuildConfiguration;
			buildSettings = {
				ASSETCATALOG_COMPILER_APPICON_NAME = AppIcon;
				CODE_SIGN_STYLE = Automatic;
				DEVELOPMENT_TEAM = 5N9G45L7Z6;
				INFOPLIST_FILE = "$(SRCROOT)/WeatherTestApp/Supported files/Info.plist";
				IPHONEOS_DEPLOYMENT_TARGET = 11.0;
				LD_RUNPATH_SEARCH_PATHS = (
					"$(inherited)",
					"@executable_path/Frameworks",
				);
				PRODUCT_BUNDLE_IDENTIFIER = ru.alspirichev.WeatherTestApp;
				PRODUCT_NAME = "$(TARGET_NAME)";
				SWIFT_VERSION = 5.0;
				TARGETED_DEVICE_FAMILY = 1;
			};
			name = Release;
		};
/* End XCBuildConfiguration section */

/* Begin XCConfigurationList section */
		CDCB7CC924B127EB003D17D1 /* Build configuration list for PBXNativeTarget "WeatherTestAppTests" */ = {
			isa = XCConfigurationList;
			buildConfigurations = (
				CDCB7CCA24B127EB003D17D1 /* Debug */,
				CDCB7CCB24B127EB003D17D1 /* Release */,
			);
			defaultConfigurationIsVisible = 0;
			defaultConfigurationName = Release;
		};
		CDE9240724AF671E0085214C /* Build configuration list for PBXProject "WeatherTestApp" */ = {
			isa = XCConfigurationList;
			buildConfigurations = (
				CDE9241E24AF67230085214C /* Debug */,
				CDE9241F24AF67230085214C /* Release */,
			);
			defaultConfigurationIsVisible = 0;
			defaultConfigurationName = Release;
		};
		CDE9242024AF67230085214C /* Build configuration list for PBXNativeTarget "WeatherTestApp" */ = {
			isa = XCConfigurationList;
			buildConfigurations = (
				CDE9242124AF67230085214C /* Debug */,
				CDE9242224AF67230085214C /* Release */,
			);
			defaultConfigurationIsVisible = 0;
			defaultConfigurationName = Release;
		};
/* End XCConfigurationList section */
	};
	rootObject = CDE9240424AF671E0085214C /* Project object */;
}
